// !$*UTF8*$!
{
	archiveVersion = 1;
	classes = {
	};
	objectVersion = 46;
	objects = {

/* Begin PBXBuildFile section */
		9ADF34DF1500399000735D2C /* ExternalServiceController.m in Sources */ = {isa = PBXBuildFile; fileRef = 9ADF34DE1500399000735D2C /* ExternalServiceController.m */; };
		9AFEE1B414F935D1004C883E /* UIKit.framework in Frameworks */ = {isa = PBXBuildFile; fileRef = 9AFEE1B314F935D1004C883E /* UIKit.framework */; };
		9AFEE1B614F935D1004C883E /* Foundation.framework in Frameworks */ = {isa = PBXBuildFile; fileRef = 9AFEE1B514F935D1004C883E /* Foundation.framework */; };
		9AFEE1B814F935D1004C883E /* CoreGraphics.framework in Frameworks */ = {isa = PBXBuildFile; fileRef = 9AFEE1B714F935D1004C883E /* CoreGraphics.framework */; };
		9AFEE1BE14F935D1004C883E /* InfoPlist.strings in Resources */ = {isa = PBXBuildFile; fileRef = 9AFEE1BC14F935D1004C883E /* InfoPlist.strings */; };
		9AFEE1C014F935D1004C883E /* main.m in Sources */ = {isa = PBXBuildFile; fileRef = 9AFEE1BF14F935D1004C883E /* main.m */; };
		9AFEE1C414F935D1004C883E /* SGSAppDelegate.m in Sources */ = {isa = PBXBuildFile; fileRef = 9AFEE1C314F935D1004C883E /* SGSAppDelegate.m */; };
		9AFEE1C714F935D1004C883E /* MainStoryboard.storyboard in Resources */ = {isa = PBXBuildFile; fileRef = 9AFEE1C514F935D1004C883E /* MainStoryboard.storyboard */; };
		9AFEE1CA14F935D1004C883E /* SGSViewController.m in Sources */ = {isa = PBXBuildFile; fileRef = 9AFEE1C914F935D1004C883E /* SGSViewController.m */; };
		9AFEE1E314F939BA004C883E /* SGSFaceBookController.m in Sources */ = {isa = PBXBuildFile; fileRef = 9AFEE1E214F939BA004C883E /* SGSFaceBookController.m */; };
		E51DFD371502BDA0009E8845 /* libfacebook_ios_sdk.a in Frameworks */ = {isa = PBXBuildFile; fileRef = E51DFD361502BDA0009E8845 /* libfacebook_ios_sdk.a */; };
		E51DFD481502BE11009E8845 /* FBDialog.bundle in Resources */ = {isa = PBXBuildFile; fileRef = E51DFD3C1502BE11009E8845 /* FBDialog.bundle */; };
		E51DFD4C1502EB80009E8845 /* Model.xcdatamodeld in Sources */ = {isa = PBXBuildFile; fileRef = E51DFD4A1502EB80009E8845 /* Model.xcdatamodeld */; };
		E51DFD4E1502ED98009E8845 /* CoreData.framework in Frameworks */ = {isa = PBXBuildFile; fileRef = E51DFD4D1502ED98009E8845 /* CoreData.framework */; };
		E51DFD581502F967009E8845 /* FacebookFriend.m in Sources */ = {isa = PBXBuildFile; fileRef = E51DFD571502F967009E8845 /* FacebookFriend.m */; };
		E51DFD5F1503EDAE009E8845 /* BackgroundDataLoader.m in Sources */ = {isa = PBXBuildFile; fileRef = E51DFD5E1503EDAE009E8845 /* BackgroundDataLoader.m */; };
		E52248FC1502B5BC000E366D /* Constants.m in Sources */ = {isa = PBXBuildFile; fileRef = E52248FB1502B5BC000E366D /* Constants.m */; };
/* End PBXBuildFile section */

/* Begin PBXFileReference section */
		9ADF34DD1500399000735D2C /* ExternalServiceController.h */ = {isa = PBXFileReference; fileEncoding = 4; lastKnownFileType = sourcecode.c.h; path = ExternalServiceController.h; sourceTree = "<group>"; };
		9ADF34DE1500399000735D2C /* ExternalServiceController.m */ = {isa = PBXFileReference; fileEncoding = 4; lastKnownFileType = sourcecode.c.objc; path = ExternalServiceController.m; sourceTree = "<group>"; };
		9AFEE1AF14F935D1004C883E /* iOS5-Facebook-Test.app */ = {isa = PBXFileReference; explicitFileType = wrapper.application; includeInIndex = 0; path = "iOS5-Facebook-Test.app"; sourceTree = BUILT_PRODUCTS_DIR; };
		9AFEE1B314F935D1004C883E /* UIKit.framework */ = {isa = PBXFileReference; lastKnownFileType = wrapper.framework; name = UIKit.framework; path = System/Library/Frameworks/UIKit.framework; sourceTree = SDKROOT; };
		9AFEE1B514F935D1004C883E /* Foundation.framework */ = {isa = PBXFileReference; lastKnownFileType = wrapper.framework; name = Foundation.framework; path = System/Library/Frameworks/Foundation.framework; sourceTree = SDKROOT; };
		9AFEE1B714F935D1004C883E /* CoreGraphics.framework */ = {isa = PBXFileReference; lastKnownFileType = wrapper.framework; name = CoreGraphics.framework; path = System/Library/Frameworks/CoreGraphics.framework; sourceTree = SDKROOT; };
		9AFEE1BB14F935D1004C883E /* iOS5-Facebook-Test-Info.plist */ = {isa = PBXFileReference; lastKnownFileType = text.plist.xml; path = "iOS5-Facebook-Test-Info.plist"; sourceTree = "<group>"; };
		9AFEE1BD14F935D1004C883E /* en */ = {isa = PBXFileReference; lastKnownFileType = text.plist.strings; name = en; path = en.lproj/InfoPlist.strings; sourceTree = "<group>"; };
		9AFEE1BF14F935D1004C883E /* main.m */ = {isa = PBXFileReference; lastKnownFileType = sourcecode.c.objc; path = main.m; sourceTree = "<group>"; };
		9AFEE1C114F935D1004C883E /* iOS5-Facebook-Test-Prefix.pch */ = {isa = PBXFileReference; lastKnownFileType = sourcecode.c.h; path = "iOS5-Facebook-Test-Prefix.pch"; sourceTree = "<group>"; };
		9AFEE1C214F935D1004C883E /* SGSAppDelegate.h */ = {isa = PBXFileReference; lastKnownFileType = sourcecode.c.h; path = SGSAppDelegate.h; sourceTree = "<group>"; };
		9AFEE1C314F935D1004C883E /* SGSAppDelegate.m */ = {isa = PBXFileReference; lastKnownFileType = sourcecode.c.objc; path = SGSAppDelegate.m; sourceTree = "<group>"; };
		9AFEE1C614F935D1004C883E /* en */ = {isa = PBXFileReference; lastKnownFileType = file.storyboard; name = en; path = en.lproj/MainStoryboard.storyboard; sourceTree = "<group>"; };
		9AFEE1C814F935D1004C883E /* SGSViewController.h */ = {isa = PBXFileReference; lastKnownFileType = sourcecode.c.h; path = SGSViewController.h; sourceTree = "<group>"; };
		9AFEE1C914F935D1004C883E /* SGSViewController.m */ = {isa = PBXFileReference; lastKnownFileType = sourcecode.c.objc; path = SGSViewController.m; sourceTree = "<group>"; };
		9AFEE1E114F939BA004C883E /* SGSFaceBookController.h */ = {isa = PBXFileReference; fileEncoding = 4; lastKnownFileType = sourcecode.c.h; path = SGSFaceBookController.h; sourceTree = "<group>"; };
		9AFEE1E214F939BA004C883E /* SGSFaceBookController.m */ = {isa = PBXFileReference; fileEncoding = 4; lastKnownFileType = sourcecode.c.objc; path = SGSFaceBookController.m; sourceTree = "<group>"; };
		E51DFD361502BDA0009E8845 /* libfacebook_ios_sdk.a */ = {isa = PBXFileReference; lastKnownFileType = archive.ar; name = libfacebook_ios_sdk.a; path = "../facebook-ios-sdk/lib/facebook-ios-sdk/libfacebook_ios_sdk.a"; sourceTree = "<group>"; };
		E51DFD3A1502BE11009E8845 /* Facebook.h */ = {isa = PBXFileReference; fileEncoding = 4; lastKnownFileType = sourcecode.c.h; path = Facebook.h; sourceTree = "<group>"; };
		E51DFD3B1502BE11009E8845 /* FBConnect.h */ = {isa = PBXFileReference; fileEncoding = 4; lastKnownFileType = sourcecode.c.h; path = FBConnect.h; sourceTree = "<group>"; };
		E51DFD3C1502BE11009E8845 /* FBDialog.bundle */ = {isa = PBXFileReference; lastKnownFileType = "wrapper.plug-in"; path = FBDialog.bundle; sourceTree = "<group>"; };
		E51DFD3D1502BE11009E8845 /* FBDialog.h */ = {isa = PBXFileReference; fileEncoding = 4; lastKnownFileType = sourcecode.c.h; path = FBDialog.h; sourceTree = "<group>"; };
		E51DFD3E1502BE11009E8845 /* FBLoginDialog.h */ = {isa = PBXFileReference; fileEncoding = 4; lastKnownFileType = sourcecode.c.h; path = FBLoginDialog.h; sourceTree = "<group>"; };
		E51DFD3F1502BE11009E8845 /* FBRequest.h */ = {isa = PBXFileReference; fileEncoding = 4; lastKnownFileType = sourcecode.c.h; path = FBRequest.h; sourceTree = "<group>"; };
		E51DFD401502BE11009E8845 /* JSON.h */ = {isa = PBXFileReference; fileEncoding = 4; lastKnownFileType = sourcecode.c.h; path = JSON.h; sourceTree = "<group>"; };
		E51DFD411502BE11009E8845 /* libfacebook_ios_sdk.a */ = {isa = PBXFileReference; lastKnownFileType = archive.ar; path = libfacebook_ios_sdk.a; sourceTree = "<group>"; };
		E51DFD421502BE11009E8845 /* NSObject+SBJSON.h */ = {isa = PBXFileReference; fileEncoding = 4; lastKnownFileType = sourcecode.c.h; path = "NSObject+SBJSON.h"; sourceTree = "<group>"; };
		E51DFD431502BE11009E8845 /* NSString+SBJSON.h */ = {isa = PBXFileReference; fileEncoding = 4; lastKnownFileType = sourcecode.c.h; path = "NSString+SBJSON.h"; sourceTree = "<group>"; };
		E51DFD441502BE11009E8845 /* SBJSON.h */ = {isa = PBXFileReference; fileEncoding = 4; lastKnownFileType = sourcecode.c.h; path = SBJSON.h; sourceTree = "<group>"; };
		E51DFD451502BE11009E8845 /* SBJsonBase.h */ = {isa = PBXFileReference; fileEncoding = 4; lastKnownFileType = sourcecode.c.h; path = SBJsonBase.h; sourceTree = "<group>"; };
		E51DFD461502BE11009E8845 /* SBJsonParser.h */ = {isa = PBXFileReference; fileEncoding = 4; lastKnownFileType = sourcecode.c.h; path = SBJsonParser.h; sourceTree = "<group>"; };
		E51DFD471502BE11009E8845 /* SBJsonWriter.h */ = {isa = PBXFileReference; fileEncoding = 4; lastKnownFileType = sourcecode.c.h; path = SBJsonWriter.h; sourceTree = "<group>"; };
		E51DFD4B1502EB80009E8845 /* Model.xcdatamodel */ = {isa = PBXFileReference; lastKnownFileType = wrapper.xcdatamodel; path = Model.xcdatamodel; sourceTree = "<group>"; };
		E51DFD4D1502ED98009E8845 /* CoreData.framework */ = {isa = PBXFileReference; lastKnownFileType = wrapper.framework; name = CoreData.framework; path = System/Library/Frameworks/CoreData.framework; sourceTree = SDKROOT; };
		E51DFD561502F967009E8845 /* FacebookFriend.h */ = {isa = PBXFileReference; fileEncoding = 4; lastKnownFileType = sourcecode.c.h; path = FacebookFriend.h; sourceTree = "<group>"; };
		E51DFD571502F967009E8845 /* FacebookFriend.m */ = {isa = PBXFileReference; fileEncoding = 4; lastKnownFileType = sourcecode.c.objc; path = FacebookFriend.m; sourceTree = "<group>"; };
		E51DFD5D1503EDAE009E8845 /* BackgroundDataLoader.h */ = {isa = PBXFileReference; fileEncoding = 4; lastKnownFileType = sourcecode.c.h; path = BackgroundDataLoader.h; sourceTree = "<group>"; };
		E51DFD5E1503EDAE009E8845 /* BackgroundDataLoader.m */ = {isa = PBXFileReference; fileEncoding = 4; lastKnownFileType = sourcecode.c.objc; path = BackgroundDataLoader.m; sourceTree = "<group>"; };
		E52248FA1502B5BC000E366D /* Constants.h */ = {isa = PBXFileReference; fileEncoding = 4; lastKnownFileType = sourcecode.c.h; path = Constants.h; sourceTree = "<group>"; };
		E52248FB1502B5BC000E366D /* Constants.m */ = {isa = PBXFileReference; fileEncoding = 4; lastKnownFileType = sourcecode.c.objc; path = Constants.m; sourceTree = "<group>"; };
/* End PBXFileReference section */

/* Begin PBXFrameworksBuildPhase section */
		9AFEE1AC14F935D1004C883E /* Frameworks */ = {
			isa = PBXFrameworksBuildPhase;
			buildActionMask = 2147483647;
			files = (
				E51DFD4E1502ED98009E8845 /* CoreData.framework in Frameworks */,
				9AFEE1B414F935D1004C883E /* UIKit.framework in Frameworks */,
				9AFEE1B614F935D1004C883E /* Foundation.framework in Frameworks */,
				9AFEE1B814F935D1004C883E /* CoreGraphics.framework in Frameworks */,
				E51DFD371502BDA0009E8845 /* libfacebook_ios_sdk.a in Frameworks */,
			);
			runOnlyForDeploymentPostprocessing = 0;
		};
/* End PBXFrameworksBuildPhase section */

/* Begin PBXGroup section */
		9AFEE1A414F935D1004C883E = {
			isa = PBXGroup;
			children = (
				9AFEE1B914F935D1004C883E /* iOS5-Facebook-Test */,
				9AFEE1B214F935D1004C883E /* Frameworks */,
				9AFEE1B014F935D1004C883E /* Products */,
			);
			sourceTree = "<group>";
		};
		9AFEE1B014F935D1004C883E /* Products */ = {
			isa = PBXGroup;
			children = (
				9AFEE1AF14F935D1004C883E /* iOS5-Facebook-Test.app */,
			);
			name = Products;
			sourceTree = "<group>";
		};
		9AFEE1B214F935D1004C883E /* Frameworks */ = {
			isa = PBXGroup;
			children = (
				E51DFD361502BDA0009E8845 /* libfacebook_ios_sdk.a */,
				E51DFD4D1502ED98009E8845 /* CoreData.framework */,
				9AFEE1B314F935D1004C883E /* UIKit.framework */,
				9AFEE1B514F935D1004C883E /* Foundation.framework */,
				9AFEE1B714F935D1004C883E /* CoreGraphics.framework */,
			);
			name = Frameworks;
			sourceTree = "<group>";
		};
		9AFEE1B914F935D1004C883E /* iOS5-Facebook-Test */ = {
			isa = PBXGroup;
			children = (
				E51DFD391502BE11009E8845 /* facebook-ios-sdk */,
				9AFEE1BA14F935D1004C883E /* Supporting Files */,
				E51DFD4F1502F85D009E8845 /* Model */,
				9AFEE1C214F935D1004C883E /* SGSAppDelegate.h */,
				9AFEE1C314F935D1004C883E /* SGSAppDelegate.m */,
				E51DFD5D1503EDAE009E8845 /* BackgroundDataLoader.h */,
				E51DFD5E1503EDAE009E8845 /* BackgroundDataLoader.m */,
				9AFEE1C514F935D1004C883E /* MainStoryboard.storyboard */,
				9AFEE1C814F935D1004C883E /* SGSViewController.h */,
				9AFEE1C914F935D1004C883E /* SGSViewController.m */,
				9AFEE1E114F939BA004C883E /* SGSFaceBookController.h */,
				9AFEE1E214F939BA004C883E /* SGSFaceBookController.m */,
				9ADF34DD1500399000735D2C /* ExternalServiceController.h */,
				9ADF34DE1500399000735D2C /* ExternalServiceController.m */,
				E52248FA1502B5BC000E366D /* Constants.h */,
				E52248FB1502B5BC000E366D /* Constants.m */,
			);
			path = "iOS5-Facebook-Test";
			sourceTree = "<group>";
		};
		9AFEE1BA14F935D1004C883E /* Supporting Files */ = {
			isa = PBXGroup;
			children = (
				9AFEE1BB14F935D1004C883E /* iOS5-Facebook-Test-Info.plist */,
				9AFEE1BC14F935D1004C883E /* InfoPlist.strings */,
				9AFEE1BF14F935D1004C883E /* main.m */,
				9AFEE1C114F935D1004C883E /* iOS5-Facebook-Test-Prefix.pch */,
				E51DFD4A1502EB80009E8845 /* Model.xcdatamodeld */,
			);
			name = "Supporting Files";
			sourceTree = "<group>";
		};
		E51DFD391502BE11009E8845 /* facebook-ios-sdk */ = {
			isa = PBXGroup;
			children = (
				E51DFD3A1502BE11009E8845 /* Facebook.h */,
				E51DFD3B1502BE11009E8845 /* FBConnect.h */,
				E51DFD3C1502BE11009E8845 /* FBDialog.bundle */,
				E51DFD3D1502BE11009E8845 /* FBDialog.h */,
				E51DFD3E1502BE11009E8845 /* FBLoginDialog.h */,
				E51DFD3F1502BE11009E8845 /* FBRequest.h */,
				E51DFD401502BE11009E8845 /* JSON.h */,
				E51DFD411502BE11009E8845 /* libfacebook_ios_sdk.a */,
				E51DFD421502BE11009E8845 /* NSObject+SBJSON.h */,
				E51DFD431502BE11009E8845 /* NSString+SBJSON.h */,
				E51DFD441502BE11009E8845 /* SBJSON.h */,
				E51DFD451502BE11009E8845 /* SBJsonBase.h */,
				E51DFD461502BE11009E8845 /* SBJsonParser.h */,
				E51DFD471502BE11009E8845 /* SBJsonWriter.h */,
			);
			name = "facebook-ios-sdk";
			path = "../../facebook-ios-sdk/lib/facebook-ios-sdk";
			sourceTree = "<group>";
		};
		E51DFD4F1502F85D009E8845 /* Model */ = {
			isa = PBXGroup;
			children = (
				E51DFD561502F967009E8845 /* FacebookFriend.h */,
				E51DFD571502F967009E8845 /* FacebookFriend.m */,
			);
			name = Model;
			sourceTree = "<group>";
		};
/* End PBXGroup section */

/* Begin PBXNativeTarget section */
		9AFEE1AE14F935D1004C883E /* iOS5-Facebook-Test */ = {
			isa = PBXNativeTarget;
			buildConfigurationList = 9AFEE1CD14F935D1004C883E /* Build configuration list for PBXNativeTarget "iOS5-Facebook-Test" */;
			buildPhases = (
				9AFEE1AB14F935D1004C883E /* Sources */,
				9AFEE1AC14F935D1004C883E /* Frameworks */,
				9AFEE1AD14F935D1004C883E /* Resources */,
			);
			buildRules = (
			);
			dependencies = (
			);
			name = "iOS5-Facebook-Test";
			productName = "iOS5-Facebook-Test";
			productReference = 9AFEE1AF14F935D1004C883E /* iOS5-Facebook-Test.app */;
			productType = "com.apple.product-type.application";
		};
/* End PBXNativeTarget section */

/* Begin PBXProject section */
		9AFEE1A614F935D1004C883E /* Project object */ = {
			isa = PBXProject;
			attributes = {
				CLASSPREFIX = SGS;
				LastUpgradeCheck = 0430;
				ORGANIZATIONNAME = "SunGard Global Services";
			};
			buildConfigurationList = 9AFEE1A914F935D1004C883E /* Build configuration list for PBXProject "iOS5-Facebook-Test" */;
			compatibilityVersion = "Xcode 3.2";
			developmentRegion = English;
			hasScannedForEncodings = 0;
			knownRegions = (
				en,
			);
			mainGroup = 9AFEE1A414F935D1004C883E;
			productRefGroup = 9AFEE1B014F935D1004C883E /* Products */;
			projectDirPath = "";
			projectRoot = "";
			targets = (
				9AFEE1AE14F935D1004C883E /* iOS5-Facebook-Test */,
			);
		};
/* End PBXProject section */

/* Begin PBXResourcesBuildPhase section */
		9AFEE1AD14F935D1004C883E /* Resources */ = {
			isa = PBXResourcesBuildPhase;
			buildActionMask = 2147483647;
			files = (
				9AFEE1BE14F935D1004C883E /* InfoPlist.strings in Resources */,
				9AFEE1C714F935D1004C883E /* MainStoryboard.storyboard in Resources */,
				E51DFD481502BE11009E8845 /* FBDialog.bundle in Resources */,
			);
			runOnlyForDeploymentPostprocessing = 0;
		};
/* End PBXResourcesBuildPhase section */

/* Begin PBXSourcesBuildPhase section */
		9AFEE1AB14F935D1004C883E /* Sources */ = {
			isa = PBXSourcesBuildPhase;
			buildActionMask = 2147483647;
			files = (
				9AFEE1C014F935D1004C883E /* main.m in Sources */,
				9AFEE1C414F935D1004C883E /* SGSAppDelegate.m in Sources */,
				9AFEE1CA14F935D1004C883E /* SGSViewController.m in Sources */,
				9AFEE1E314F939BA004C883E /* SGSFaceBookController.m in Sources */,
				9ADF34DF1500399000735D2C /* ExternalServiceController.m in Sources */,
				E52248FC1502B5BC000E366D /* Constants.m in Sources */,
				E51DFD4C1502EB80009E8845 /* Model.xcdatamodeld in Sources */,
				E51DFD581502F967009E8845 /* FacebookFriend.m in Sources */,
				E51DFD5F1503EDAE009E8845 /* BackgroundDataLoader.m in Sources */,
			);
			runOnlyForDeploymentPostprocessing = 0;
		};
/* End PBXSourcesBuildPhase section */

/* Begin PBXVariantGroup section */
		9AFEE1BC14F935D1004C883E /* InfoPlist.strings */ = {
			isa = PBXVariantGroup;
			children = (
				9AFEE1BD14F935D1004C883E /* en */,
			);
			name = InfoPlist.strings;
			sourceTree = "<group>";
		};
		9AFEE1C514F935D1004C883E /* MainStoryboard.storyboard */ = {
			isa = PBXVariantGroup;
			children = (
				9AFEE1C614F935D1004C883E /* en */,
			);
			name = MainStoryboard.storyboard;
			sourceTree = "<group>";
		};
/* End PBXVariantGroup section */

/* Begin XCBuildConfiguration section */
		9AFEE1CB14F935D1004C883E /* Debug */ = {
			isa = XCBuildConfiguration;
			buildSettings = {
				ALWAYS_SEARCH_USER_PATHS = NO;
				ARCHS = "$(ARCHS_STANDARD_32_BIT)";
				CLANG_ENABLE_OBJC_ARC = YES;
				"CODE_SIGN_IDENTITY[sdk=iphoneos*]" = "iPhone Developer";
				COPY_PHASE_STRIP = NO;
				GCC_C_LANGUAGE_STANDARD = gnu99;
				GCC_DYNAMIC_NO_PIC = NO;
				GCC_OPTIMIZATION_LEVEL = 0;
				GCC_PREPROCESSOR_DEFINITIONS = (
					"DEBUG=1",
					"$(inherited)",
				);
				GCC_SYMBOLS_PRIVATE_EXTERN = NO;
				GCC_VERSION = com.apple.compilers.llvm.clang.1_0;
				GCC_WARN_ABOUT_RETURN_TYPE = YES;
				GCC_WARN_UNINITIALIZED_AUTOS = YES;
				GCC_WARN_UNUSED_VARIABLE = YES;
				IPHONEOS_DEPLOYMENT_TARGET = 5.0;
				SDKROOT = iphoneos;
			};
			name = Debug;
		};
		9AFEE1CC14F935D1004C883E /* Release */ = {
			isa = XCBuildConfiguration;
			buildSettings = {
				ALWAYS_SEARCH_USER_PATHS = NO;
				ARCHS = "$(ARCHS_STANDARD_32_BIT)";
				CLANG_ENABLE_OBJC_ARC = YES;
				"CODE_SIGN_IDENTITY[sdk=iphoneos*]" = "iPhone Developer";
				COPY_PHASE_STRIP = YES;
				GCC_C_LANGUAGE_STANDARD = gnu99;
				GCC_VERSION = com.apple.compilers.llvm.clang.1_0;
				GCC_WARN_ABOUT_RETURN_TYPE = YES;
				GCC_WARN_UNINITIALIZED_AUTOS = YES;
				GCC_WARN_UNUSED_VARIABLE = YES;
				IPHONEOS_DEPLOYMENT_TARGET = 5.0;
				OTHER_CFLAGS = "-DNS_BLOCK_ASSERTIONS=1";
				SDKROOT = iphoneos;
				VALIDATE_PRODUCT = YES;
			};
			name = Release;
		};
		9AFEE1CE14F935D1004C883E /* Debug */ = {
			isa = XCBuildConfiguration;
			buildSettings = {
				GCC_PRECOMPILE_PREFIX_HEADER = YES;
				GCC_PREFIX_HEADER = "iOS5-Facebook-Test/iOS5-Facebook-Test-Prefix.pch";
				INFOPLIST_FILE = "iOS5-Facebook-Test/iOS5-Facebook-Test-Info.plist";
				LIBRARY_SEARCH_PATHS = (
					"$(inherited)",
					"\"$(SRCROOT)/../../../../2-Client/2-NOOM/0-Development/facebook-ios-sdk/lib/facebook-ios-sdk\"",
					"\"$(SRCROOT)/../facebook-ios-sdk/lib/facebook-ios-sdk\"",
				);
				PRODUCT_NAME = "$(TARGET_NAME)";
				WRAPPER_EXTENSION = app;
			};
			name = Debug;
		};
		9AFEE1CF14F935D1004C883E /* Release */ = {
			isa = XCBuildConfiguration;
			buildSettings = {
				GCC_PRECOMPILE_PREFIX_HEADER = YES;
				GCC_PREFIX_HEADER = "iOS5-Facebook-Test/iOS5-Facebook-Test-Prefix.pch";
				INFOPLIST_FILE = "iOS5-Facebook-Test/iOS5-Facebook-Test-Info.plist";
				LIBRARY_SEARCH_PATHS = (
					"$(inherited)",
					"\"$(SRCROOT)/../../../../2-Client/2-NOOM/0-Development/facebook-ios-sdk/lib/facebook-ios-sdk\"",
					"\"$(SRCROOT)/../facebook-ios-sdk/lib/facebook-ios-sdk\"",
				);
				PRODUCT_NAME = "$(TARGET_NAME)";
				WRAPPER_EXTENSION = app;
			};
			name = Release;
		};
/* End XCBuildConfiguration section */

/* Begin XCConfigurationList section */
		9AFEE1A914F935D1004C883E /* Build configuration list for PBXProject "iOS5-Facebook-Test" */ = {
			isa = XCConfigurationList;
			buildConfigurations = (
				9AFEE1CB14F935D1004C883E /* Debug */,
				9AFEE1CC14F935D1004C883E /* Release */,
			);
			defaultConfigurationIsVisible = 0;
			defaultConfigurationName = Release;
		};
		9AFEE1CD14F935D1004C883E /* Build configuration list for PBXNativeTarget "iOS5-Facebook-Test" */ = {
			isa = XCConfigurationList;
			buildConfigurations = (
				9AFEE1CE14F935D1004C883E /* Debug */,
				9AFEE1CF14F935D1004C883E /* Release */,
			);
			defaultConfigurationIsVisible = 0;
			defaultConfigurationName = Release;
		};
/* End XCConfigurationList section */

/* Begin XCVersionGroup section */
		E51DFD4A1502EB80009E8845 /* Model.xcdatamodeld */ = {
			isa = XCVersionGroup;
			children = (
				E51DFD4B1502EB80009E8845 /* Model.xcdatamodel */,
			);
			currentVersion = E51DFD4B1502EB80009E8845 /* Model.xcdatamodel */;
			path = Model.xcdatamodeld;
			sourceTree = "<group>";
			versionGroupType = wrapper.xcdatamodel;
		};
/* End XCVersionGroup section */
	};
	rootObject = 9AFEE1A614F935D1004C883E /* Project object */;
}
